
Microsoft Visual Studio Solution File, Format Version 12.00
# Visual Studio Version 16
VisualStudioVersion = 16.0.29728.190
MinimumVisualStudioVersion = 10.0.40219.1
Project("{9A19103F-16F7-4668-BE54-9A1E7A4F7556}") = "Async.Threads", "Async.Threads\Async.Threads.csproj", "{FA158675-1970-4BF7-9DD6-5B3E4530A846}"
EndProject
Project("{9A19103F-16F7-4668-BE54-9A1E7A4F7556}") = "Async.Tasks", "Async.Tasks\Async.Tasks.csproj", "{7ECDF6F9-C693-477F-801A-ECE50460F0D4}"
EndProject
Project("{9A19103F-16F7-4668-BE54-9A1E7A4F7556}") = "Async.AsyncAwait", "Async.AsyncAwait\Async.AsyncAwait.csproj", "{5C808B1E-BE05-4E02-BF10-C7E1AE8271ED}"
EndProject
Project("{9A19103F-16F7-4668-BE54-9A1E7A4F7556}") = "Async.TPL", "Async.TPL\Async.TPL.csproj", "{CB7CBE92-DA65-42AE-BF8D-961A5ECC74FB}"
EndProject
Project("{FAE04EC0-301F-11D3-BF4B-00C04F79EFBC}") = "Async.ConcurrentCollections", "Async.ConcurrentCollections\Async.ConcurrentCollections.csproj", "{4D0D8483-6522-427A-9D30-B0BE44C7650E}"
EndProject
Global
	GlobalSection(SolutionConfigurationPlatforms) = preSolution
		Debug|Any CPU = Debug|Any CPU
		Release|Any CPU = Release|Any CPU
	EndGlobalSection
	GlobalSection(ProjectConfigurationPlatforms) = postSolution
		{FA158675-1970-4BF7-9DD6-5B3E4530A846}.Debug|Any CPU.ActiveCfg = Debug|Any CPU
		{FA158675-1970-4BF7-9DD6-5B3E4530A846}.Debug|Any CPU.Build.0 = Debug|Any CPU
		{FA158675-1970-4BF7-9DD6-5B3E4530A846}.Release|Any CPU.ActiveCfg = Release|Any CPU
		{FA158675-1970-4BF7-9DD6-5B3E4530A846}.Release|Any CPU.Build.0 = Release|Any CPU
		{7ECDF6F9-C693-477F-801A-ECE50460F0D4}.Debug|Any CPU.ActiveCfg = Debug|Any CPU
		{7ECDF6F9-C693-477F-801A-ECE50460F0D4}.Debug|Any CPU.Build.0 = Debug|Any CPU
		{7ECDF6F9-C693-477F-801A-ECE50460F0D4}.Release|Any CPU.ActiveCfg = Release|Any CPU
		{7ECDF6F9-C693-477F-801A-ECE50460F0D4}.Release|Any CPU.Build.0 = Release|Any CPU
		{5C808B1E-BE05-4E02-BF10-C7E1AE8271ED}.Debug|Any CPU.ActiveCfg = Debug|Any CPU
		{5C808B1E-BE05-4E02-BF10-C7E1AE8271ED}.Debug|Any CPU.Build.0 = Debug|Any CPU
		{5C808B1E-BE05-4E02-BF10-C7E1AE8271ED}.Release|Any CPU.ActiveCfg = Release|Any CPU
		{5C808B1E-BE05-4E02-BF10-C7E1AE8271ED}.Release|Any CPU.Build.0 = Release|Any CPU
		{CB7CBE92-DA65-42AE-BF8D-961A5ECC74FB}.Debug|Any CPU.ActiveCfg = Debug|Any CPU
		{CB7CBE92-DA65-42AE-BF8D-961A5ECC74FB}.Debug|Any CPU.Build.0 = Debug|Any CPU
		{CB7CBE92-DA65-42AE-BF8D-961A5ECC74FB}.Release|Any CPU.ActiveCfg = Release|Any CPU
		{CB7CBE92-DA65-42AE-BF8D-961A5ECC74FB}.Release|Any CPU.Build.0 = Release|Any CPU
		{4D0D8483-6522-427A-9D30-B0BE44C7650E}.Debug|Any CPU.ActiveCfg = Debug|Any CPU
		{4D0D8483-6522-427A-9D30-B0BE44C7650E}.Debug|Any CPU.Build.0 = Debug|Any CPU
		{4D0D8483-6522-427A-9D30-B0BE44C7650E}.Release|Any CPU.ActiveCfg = Release|Any CPU
		{4D0D8483-6522-427A-9D30-B0BE44C7650E}.Release|Any CPU.Build.0 = Release|Any CPU
	EndGlobalSection
	GlobalSection(SolutionProperties) = preSolution
		HideSolutionNode = FALSE
	EndGlobalSection
	GlobalSection(ExtensibilityGlobals) = postSolution
		SolutionGuid = {142FB03C-4924-4BE0-A752-5F61D822EC2B}
	EndGlobalSection
EndGlobal
